# THIS IS AN AUTOGENERATED FILE. DO NOT EDIT THIS FILE DIRECTLY.
# yarn lockfile v1


he@1.2.0:
  version "1.2.0"
  resolved "https://registry.yarnpkg.com/he/-/he-1.2.0.tgz#84ae65fa7eafb165fddb61566ae14baf05664f0f"
  integrity sha512-F/1DnUGPopORZi0ni+CvrCgHQ5FyEAHRLSApuYWMmrbSwoN2Mn/7k+Gl38gJnR7yyDZk6WLXwiGod1JOWNDKGw==

node-fetch@^2.6.1:
  version "2.6.1"
  resolved "https://registry.yarnpkg.com/node-fetch/-/node-fetch-2.6.1.tgz#045bd323631f76ed2e2b55573394416b639a0052"
  integrity sha512-V4aYg89jEoVRxRb2fJdAg8FHvI7cEyYdVAh94HH0UIK8oJxUfkjlDQN9RbMx+bEjP7+ggMiFRprSti032Oipxw==

node-html-parser@^2.1.0:
  version "2.1.0"
  resolved "https://registry.yarnpkg.com/node-html-parser/-/node-html-parser-2.1.0.tgz#36345804d743a5a1f672d4821a53f6b0e60629a9"
  integrity sha512-kbCNfqjrwHAbG+mevL8aqjwVtF0Qv66XurWHoGLOc5G9rPR1L3k602jfeczAUUBldLNnCrdsDmO5G5nqAoMW+g==
  dependencies:
    he "1.2.0"

nodemailer@^6.4.18:
  version "6.4.18"
  resolved "https://registry.yarnpkg.com/nodemailer/-/nodemailer-6.4.18.tgz#2788c85792844fc17befda019031609017f4b9a1"
  integrity sha512-ht9cXxQ+lTC+t00vkSIpKHIyM4aXIsQ1tcbQCn5IOnxYHi81W2XOaU66EQBFFpbtzLEBTC94gmkbD4mGZQzVpA==
